
Microsoft Visual Studio Solution File, Format Version 12.00
# Visual Studio Version 17
VisualStudioVersion = 17.9.34728.123
MinimumVisualStudioVersion = 10.0.40219.1
Project("{2150E333-8FDC-42A3-9474-1A3956D46DE8}") = "src", "src", "{B3ADE56F-D8EE-401A-868D-5C5FC45C1A3A}"
EndProject
Project("{2150E333-8FDC-42A3-9474-1A3956D46DE8}") = "test", "test", "{8DFF6038-E9C1-47EE-9124-6515656A9242}"
EndProject
Project("{2150E333-8FDC-42A3-9474-1A3956D46DE8}") = "Core", "Core", "{A08CEF4F-D044-4172-9426-C0753EF8C8DB}"
EndProject
Project("{FAE04EC0-301F-11D3-BF4B-00C04F79EFBC}") = "greenPomodoro.Domain", "greenPomodoro.Domain\greenPomodoro.Domain.csproj", "{25EF956B-1ACE-49AB-9807-F6D8D66CDEFB}"
EndProject
Project("{FAE04EC0-301F-11D3-BF4B-00C04F79EFBC}") = "greenPomodoro.Application", "greenPomodoro.Application\greenPomodoro.Application.csproj", "{9CC437BF-8695-4BFF-9A76-A4FE49058CE7}"
EndProject
Project("{2150E333-8FDC-42A3-9474-1A3956D46DE8}") = "Infrastructure", "Infrastructure", "{D7790A05-8B46-4AD3-84C7-02B936B1AC09}"
EndProject
Project("{FAE04EC0-301F-11D3-BF4B-00C04F79EFBC}") = "greenPomodoro.Persistence", "greenPomodoro.Persistence\greenPomodoro.Persistence.csproj", "{84E5065D-6D82-40FA-871F-36B12B5CDD27}"
EndProject
Project("{FAE04EC0-301F-11D3-BF4B-00C04F79EFBC}") = "greenPomodoro.Identity", "greenPomodoro.Identity\greenPomodoro.Identity.csproj", "{9C99BFA5-9F89-4719-B9D5-488252DC9F04}"
EndProject
Project("{2150E333-8FDC-42A3-9474-1A3956D46DE8}") = "API", "API", "{D19C26E6-E2A9-4AA5-834D-68401D768970}"
EndProject
Project("{FAE04EC0-301F-11D3-BF4B-00C04F79EFBC}") = "greenPomodoro.API", "greenPomodoro.API\greenPomodoro.API.csproj", "{382ABFF4-91A8-4199-B60F-418BB587CD84}"
EndProject
Project("{2150E333-8FDC-42A3-9474-1A3956D46DE8}") = "UI", "UI", "{577B8D33-347C-4687-BFD2-158A080E6A1B}"
EndProject
Project("{FAE04EC0-301F-11D3-BF4B-00C04F79EFBC}") = "greenPomodoro.BlazorUI", "greenPomodoro.BlazorUI\greenPomodoro.BlazorUI.csproj", "{8FE8A747-F72A-44D4-BDA3-A1E0472A3136}"
EndProject
Global
	GlobalSection(SolutionConfigurationPlatforms) = preSolution
		Debug|Any CPU = Debug|Any CPU
		Release|Any CPU = Release|Any CPU
	EndGlobalSection
	GlobalSection(ProjectConfigurationPlatforms) = postSolution
		{25EF956B-1ACE-49AB-9807-F6D8D66CDEFB}.Debug|Any CPU.ActiveCfg = Debug|Any CPU
		{25EF956B-1ACE-49AB-9807-F6D8D66CDEFB}.Debug|Any CPU.Build.0 = Debug|Any CPU
		{25EF956B-1ACE-49AB-9807-F6D8D66CDEFB}.Release|Any CPU.ActiveCfg = Release|Any CPU
		{25EF956B-1ACE-49AB-9807-F6D8D66CDEFB}.Release|Any CPU.Build.0 = Release|Any CPU
		{9CC437BF-8695-4BFF-9A76-A4FE49058CE7}.Debug|Any CPU.ActiveCfg = Debug|Any CPU
		{9CC437BF-8695-4BFF-9A76-A4FE49058CE7}.Debug|Any CPU.Build.0 = Debug|Any CPU
		{9CC437BF-8695-4BFF-9A76-A4FE49058CE7}.Release|Any CPU.ActiveCfg = Release|Any CPU
		{9CC437BF-8695-4BFF-9A76-A4FE49058CE7}.Release|Any CPU.Build.0 = Release|Any CPU
		{84E5065D-6D82-40FA-871F-36B12B5CDD27}.Debug|Any CPU.ActiveCfg = Debug|Any CPU
		{84E5065D-6D82-40FA-871F-36B12B5CDD27}.Debug|Any CPU.Build.0 = Debug|Any CPU
		{84E5065D-6D82-40FA-871F-36B12B5CDD27}.Release|Any CPU.ActiveCfg = Release|Any CPU
		{84E5065D-6D82-40FA-871F-36B12B5CDD27}.Release|Any CPU.Build.0 = Release|Any CPU
		{9C99BFA5-9F89-4719-B9D5-488252DC9F04}.Debug|Any CPU.ActiveCfg = Debug|Any CPU
		{9C99BFA5-9F89-4719-B9D5-488252DC9F04}.Debug|Any CPU.Build.0 = Debug|Any CPU
		{9C99BFA5-9F89-4719-B9D5-488252DC9F04}.Release|Any CPU.ActiveCfg = Release|Any CPU
		{9C99BFA5-9F89-4719-B9D5-488252DC9F04}.Release|Any CPU.Build.0 = Release|Any CPU
		{382ABFF4-91A8-4199-B60F-418BB587CD84}.Debug|Any CPU.ActiveCfg = Debug|Any CPU
		{382ABFF4-91A8-4199-B60F-418BB587CD84}.Debug|Any CPU.Build.0 = Debug|Any CPU
		{382ABFF4-91A8-4199-B60F-418BB587CD84}.Release|Any CPU.ActiveCfg = Release|Any CPU
		{382ABFF4-91A8-4199-B60F-418BB587CD84}.Release|Any CPU.Build.0 = Release|Any CPU
		{8FE8A747-F72A-44D4-BDA3-A1E0472A3136}.Debug|Any CPU.ActiveCfg = Debug|Any CPU
		{8FE8A747-F72A-44D4-BDA3-A1E0472A3136}.Debug|Any CPU.Build.0 = Debug|Any CPU
		{8FE8A747-F72A-44D4-BDA3-A1E0472A3136}.Release|Any CPU.ActiveCfg = Release|Any CPU
		{8FE8A747-F72A-44D4-BDA3-A1E0472A3136}.Release|Any CPU.Build.0 = Release|Any CPU
	EndGlobalSection
	GlobalSection(SolutionProperties) = preSolution
		HideSolutionNode = FALSE
	EndGlobalSection
	GlobalSection(NestedProjects) = preSolution
		{A08CEF4F-D044-4172-9426-C0753EF8C8DB} = {B3ADE56F-D8EE-401A-868D-5C5FC45C1A3A}
		{25EF956B-1ACE-49AB-9807-F6D8D66CDEFB} = {A08CEF4F-D044-4172-9426-C0753EF8C8DB}
		{9CC437BF-8695-4BFF-9A76-A4FE49058CE7} = {A08CEF4F-D044-4172-9426-C0753EF8C8DB}
		{D7790A05-8B46-4AD3-84C7-02B936B1AC09} = {B3ADE56F-D8EE-401A-868D-5C5FC45C1A3A}
		{84E5065D-6D82-40FA-871F-36B12B5CDD27} = {D7790A05-8B46-4AD3-84C7-02B936B1AC09}
		{9C99BFA5-9F89-4719-B9D5-488252DC9F04} = {D7790A05-8B46-4AD3-84C7-02B936B1AC09}
		{D19C26E6-E2A9-4AA5-834D-68401D768970} = {B3ADE56F-D8EE-401A-868D-5C5FC45C1A3A}
		{382ABFF4-91A8-4199-B60F-418BB587CD84} = {D19C26E6-E2A9-4AA5-834D-68401D768970}
		{577B8D33-347C-4687-BFD2-158A080E6A1B} = {B3ADE56F-D8EE-401A-868D-5C5FC45C1A3A}
		{8FE8A747-F72A-44D4-BDA3-A1E0472A3136} = {577B8D33-347C-4687-BFD2-158A080E6A1B}
	EndGlobalSection
	GlobalSection(ExtensibilityGlobals) = postSolution
		SolutionGuid = {664EDAD0-B382-4404-8C20-71AB31AC2FDB}
	EndGlobalSection
EndGlobal
